
Microsoft Visual Studio Solution File, Format Version 12.00
# Visual Studio Version 16
VisualStudioVersion = 16.0.30204.135
MinimumVisualStudioVersion = 10.0.40219.1
Project("{8BC9CEB8-8B4A-11D0-8D11-00A0C91BC942}") = "WS04_P1", "WS04_P1.vcxproj", "{4EA954B9-3E78-4B97-9040-9987B0E0663A}"
EndProject
Global
	GlobalSection(SolutionConfigurationPlatforms) = preSolution
		Debug|x64 = Debug|x64
		Debug|x86 = Debug|x86
		Release|x64 = Release|x64
		Release|x86 = Release|x86
	EndGlobalSection
	GlobalSection(ProjectConfigurationPlatforms) = postSolution
		{4EA954B9-3E78-4B97-9040-9987B0E0663A}.Debug|x64.ActiveCfg = Debug|x64
		{4EA954B9-3E78-4B97-9040-9987B0E0663A}.Debug|x64.Build.0 = Debug|x64
		{4EA954B9-3E78-4B97-9040-9987B0E0663A}.Debug|x86.ActiveCfg = Debug|Win32
		{4EA954B9-3E78-4B97-9040-9987B0E0663A}.Debug|x86.Build.0 = Debug|Win32
		{4EA954B9-3E78-4B97-9040-9987B0E0663A}.Release|x64.ActiveCfg = Release|x64
		{4EA954B9-3E78-4B97-9040-9987B0E0663A}.Release|x64.Build.0 = Release|x64
		{4EA954B9-3E78-4B97-9040-9987B0E0663A}.Release|x86.ActiveCfg = Release|Win32
		{4EA954B9-3E78-4B97-9040-9987B0E0663A}.Release|x86.Build.0 = Release|Win32
	EndGlobalSection
	GlobalSection(SolutionProperties) = preSolution
		HideSolutionNode = FALSE
	EndGlobalSection
	GlobalSection(ExtensibilityGlobals) = postSolution
		SolutionGuid = {4BB0CDAF-1806-42B9-8F75-89B8B2EFB05B}
	EndGlobalSection
EndGlobal
